
Microsoft Visual Studio Solution File, Format Version 12.00
# Visual Studio Version 17
VisualStudioVersion = 17.0.32014.148
MinimumVisualStudioVersion = 10.0.40219.1
Project("{FAE04EC0-301F-11D3-BF4B-00C04F79EFBC}") = "Exercise_21", "Exercise_21\Exercise_21.csproj", "{F14899A5-758D-4070-BB8A-BA0EF8AB8C01}"
EndProject
Global
	GlobalSection(SolutionConfigurationPlatforms) = preSolution
		Debug|Any CPU = Debug|Any CPU
		Release|Any CPU = Release|Any CPU
	EndGlobalSection
	GlobalSection(ProjectConfigurationPlatforms) = postSolution
		{F14899A5-758D-4070-BB8A-BA0EF8AB8C01}.Debug|Any CPU.ActiveCfg = Debug|Any CPU
		{F14899A5-758D-4070-BB8A-BA0EF8AB8C01}.Debug|Any CPU.Build.0 = Debug|Any CPU
		{F14899A5-758D-4070-BB8A-BA0EF8AB8C01}.Release|Any CPU.ActiveCfg = Release|Any CPU
		{F14899A5-758D-4070-BB8A-BA0EF8AB8C01}.Release|Any CPU.Build.0 = Release|Any CPU
	EndGlobalSection
	GlobalSection(SolutionProperties) = preSolution
		HideSolutionNode = FALSE
	EndGlobalSection
	GlobalSection(ExtensibilityGlobals) = postSolution
		SolutionGuid = {63B8173F-4734-452F-B184-CEC67A7D10BF}
	EndGlobalSection
EndGlobal
