
Microsoft Visual Studio Solution File, Format Version 12.00
# Visual Studio Version 17
VisualStudioVersion = 17.0.32014.148
MinimumVisualStudioVersion = 10.0.40219.1
Project("{FAE04EC0-301F-11D3-BF4B-00C04F79EFBC}") = "Exercise_11", "Exercise_11\Exercise_11.csproj", "{B2115CA2-B8CD-4CBD-A1D6-D0D63B55563B}"
EndProject
Global
	GlobalSection(SolutionConfigurationPlatforms) = preSolution
		Debug|Any CPU = Debug|Any CPU
		Release|Any CPU = Release|Any CPU
	EndGlobalSection
	GlobalSection(ProjectConfigurationPlatforms) = postSolution
		{B2115CA2-B8CD-4CBD-A1D6-D0D63B55563B}.Debug|Any CPU.ActiveCfg = Debug|Any CPU
		{B2115CA2-B8CD-4CBD-A1D6-D0D63B55563B}.Debug|Any CPU.Build.0 = Debug|Any CPU
		{B2115CA2-B8CD-4CBD-A1D6-D0D63B55563B}.Release|Any CPU.ActiveCfg = Release|Any CPU
		{B2115CA2-B8CD-4CBD-A1D6-D0D63B55563B}.Release|Any CPU.Build.0 = Release|Any CPU
	EndGlobalSection
	GlobalSection(SolutionProperties) = preSolution
		HideSolutionNode = FALSE
	EndGlobalSection
	GlobalSection(ExtensibilityGlobals) = postSolution
		SolutionGuid = {B89F0F38-EC65-410B-BAF6-9B7E9E4FFED1}
	EndGlobalSection
EndGlobal
