
Microsoft Visual Studio Solution File, Format Version 12.00
# Visual Studio Version 17
VisualStudioVersion = 17.0.32014.148
MinimumVisualStudioVersion = 10.0.40219.1
Project("{FAE04EC0-301F-11D3-BF4B-00C04F79EFBC}") = "Exercise_5", "Exercise_5\Exercise_5.csproj", "{854E9F68-3CBD-4599-AA27-60D369BA34E9}"
EndProject
Global
	GlobalSection(SolutionConfigurationPlatforms) = preSolution
		Debug|Any CPU = Debug|Any CPU
		Release|Any CPU = Release|Any CPU
	EndGlobalSection
	GlobalSection(ProjectConfigurationPlatforms) = postSolution
		{854E9F68-3CBD-4599-AA27-60D369BA34E9}.Debug|Any CPU.ActiveCfg = Debug|Any CPU
		{854E9F68-3CBD-4599-AA27-60D369BA34E9}.Debug|Any CPU.Build.0 = Debug|Any CPU
		{854E9F68-3CBD-4599-AA27-60D369BA34E9}.Release|Any CPU.ActiveCfg = Release|Any CPU
		{854E9F68-3CBD-4599-AA27-60D369BA34E9}.Release|Any CPU.Build.0 = Release|Any CPU
	EndGlobalSection
	GlobalSection(SolutionProperties) = preSolution
		HideSolutionNode = FALSE
	EndGlobalSection
	GlobalSection(ExtensibilityGlobals) = postSolution
		SolutionGuid = {F09AD493-73E9-472E-8A17-89CA866A9E92}
	EndGlobalSection
EndGlobal
