
Microsoft Visual Studio Solution File, Format Version 12.00
# Visual Studio Version 17
VisualStudioVersion = 17.0.32014.148
MinimumVisualStudioVersion = 10.0.40219.1
Project("{FAE04EC0-301F-11D3-BF4B-00C04F79EFBC}") = "Exercise_25", "Exercise_25\Exercise_25.csproj", "{55BD01F9-AAAB-4D72-ACCC-B9D172DAB500}"
EndProject
Global
	GlobalSection(SolutionConfigurationPlatforms) = preSolution
		Debug|Any CPU = Debug|Any CPU
		Release|Any CPU = Release|Any CPU
	EndGlobalSection
	GlobalSection(ProjectConfigurationPlatforms) = postSolution
		{55BD01F9-AAAB-4D72-ACCC-B9D172DAB500}.Debug|Any CPU.ActiveCfg = Debug|Any CPU
		{55BD01F9-AAAB-4D72-ACCC-B9D172DAB500}.Debug|Any CPU.Build.0 = Debug|Any CPU
		{55BD01F9-AAAB-4D72-ACCC-B9D172DAB500}.Release|Any CPU.ActiveCfg = Release|Any CPU
		{55BD01F9-AAAB-4D72-ACCC-B9D172DAB500}.Release|Any CPU.Build.0 = Release|Any CPU
	EndGlobalSection
	GlobalSection(SolutionProperties) = preSolution
		HideSolutionNode = FALSE
	EndGlobalSection
	GlobalSection(ExtensibilityGlobals) = postSolution
		SolutionGuid = {F30D7AAC-88D3-45B7-9F2A-08EFA1125805}
	EndGlobalSection
EndGlobal
